<?xml version="1.0" encoding="utf-8"?>
<Project ToolsVersion="4.0" xmlns="http://schemas.microsoft.com/developer/msbuild/2003">
  <ItemGroup>
    <Filter Include="Source Files">
      <UniqueIdentifier>{4FC737F1-C7A5-4376-A066-2A32D752A2FF}</UniqueIdentifier>
      <Extensions>cpp;c;cc;cxx;def;odl;idl;hpj;bat;asm;asmx</Extensions>
    </Filter>
    <Filter Include="Header Files">
      <UniqueIdentifier>{93995380-89BD-4b04-88EB-625FBE52EBFB}</UniqueIdentifier>
      <Extensions>h;hh;hpp;hxx;hm;inl;inc;xsd</Extensions>
    </Filter>
    <Filter Include="Resource Files">
      <UniqueIdentifier>{67DA6AB6-F800-4c08-8B7A-83BB121AAD01}</UniqueIdentifier>
      <Extensions>rc;ico;cur;bmp;dlg;rc2;rct;bin;rgs;gif;jpg;jpeg;jpe;resx;tiff;tif;png;wav;mfcribbon-ms</Extensions>
    </Filter>
    <Filter Include="Source Files\General">
      <UniqueIdentifier>{23e905d4-c1ed-45de-a322-4c6f49b07bd2}</UniqueIdentifier>
    </Filter>
    <Filter Include="Header Files\General">
      <UniqueIdentifier>{05f3d1dd-f19b-424b-bdae-88edd9a2a900}</UniqueIdentifier>
    </Filter>
    <Filter Include="Source Files\Tools">
      <UniqueIdentifier>{5a688529-bf07-49f0-ba65-b4ce56ee229c}</UniqueIdentifier>
    </Filter>
    <Filter Include="Source Files\Components">
      <UniqueIdentifier>{854d81f5-068f-41c7-894d-a4152d8f5216}</UniqueIdentifier>
    </Filter>
    <Filter Include="Source Files\States">
      <UniqueIdentifier>{1e9ded25-b61d-4c21-bdd7-c6ec86e5986c}</UniqueIdentifier>
    </Filter>
    <Filter Include="Header Files\States">
      <UniqueIdentifier>{5b3c70bc-64f6-4616-b286-88dbf8639601}</UniqueIdentifier>
    </Filter>
    <Filter Include="Header Files\Commands">
      <UniqueIdentifier>{822bbe39-01c4-4eee-8fa5-2e780f62bb0e}</UniqueIdentifier>
    </Filter>
    <Filter Include="Header Files\Components">
      <UniqueIdentifier>{92659301-e94f-447d-befc-59033a7f4ed4}</UniqueIdentifier>
    </Filter>
    <Filter Include="Header Files\Tools">
      <UniqueIdentifier>{42545d00-074b-40f0-97ae-00de5f022bf2}</UniqueIdentifier>
    </Filter>
    <Filter Include="Header Files\Components\Input">
      <UniqueIdentifier>{3f6fd182-7b69-400d-802c-c0eff05181bf}</UniqueIdentifier>
    </Filter>
    <Filter Include="Header Files\Components\Graphics">
      <UniqueIdentifier>{c3732f99-5cbb-4dba-9f21-354c9ef4f620}</UniqueIdentifier>
    </Filter>
    <Filter Include="Header Files\Components\Physics">
      <UniqueIdentifier>{7bb68b85-ca19-4c2f-abaa-dcab8f6c4b74}</UniqueIdentifier>
    </Filter>
    <Filter Include="Source Files\Components\Input">
      <UniqueIdentifier>{dd6437de-9c42-4afb-83a5-e8af677981ce}</UniqueIdentifier>
    </Filter>
    <Filter Include="Source Files\Components\Graphics">
      <UniqueIdentifier>{1fa82346-adde-45fd-b398-f50aa223e201}</UniqueIdentifier>
    </Filter>
    <Filter Include="Source Files\Renderers">
      <UniqueIdentifier>{47bfe1eb-3382-4fde-90a0-9f510aaa6cea}</UniqueIdentifier>
    </Filter>
    <Filter Include="Header Files\Renderers">
      <UniqueIdentifier>{26c8d5ba-f355-4bed-891f-50779c10cc60}</UniqueIdentifier>
    </Filter>
    <Filter Include="Source Files\Components\Collision">
      <UniqueIdentifier>{cd9f7f55-528f-4c50-8754-00d0365c396b}</UniqueIdentifier>
    </Filter>
    <Filter Include="Source Files\Components\Physics">
      <UniqueIdentifier>{1b128355-1a18-48f6-a8a8-fc1a242fcfa3}</UniqueIdentifier>
    </Filter>
    <Filter Include="Header Files\Components\Collision">
      <UniqueIdentifier>{34606258-6da8-49b8-9ea9-956c92a3effb}</UniqueIdentifier>
    </Filter>
    <Filter Include="Header Files\Renderers\Shaders">
      <UniqueIdentifier>{19787fd1-fbf0-40d0-9052-629e45fb6a7d}</UniqueIdentifier>
    </Filter>
    <Filter Include="Source Files\Renderers\Shaders">
      <UniqueIdentifier>{1a224960-81e6-47b9-8b41-f4512dad2549}</UniqueIdentifier>
    </Filter>
    <Filter Include="Resource Files\Shaders">
      <UniqueIdentifier>{d9e8516d-3ea8-4d2f-90df-60fb2b586388}</UniqueIdentifier>
    </Filter>
    <Filter Include="Source Files\Components\UI">
      <UniqueIdentifier>{fc42d011-1da9-4d76-8494-1e311b63c226}</UniqueIdentifier>
    </Filter>
    <Filter Include="Header Files\Components\UI">
      <UniqueIdentifier>{ba3f6293-ef81-48c4-ada6-d0e61ecf5aaf}</UniqueIdentifier>
    </Filter>
    <Filter Include="Source Files\General\ResourceManager">
      <UniqueIdentifier>{3ddda5cc-4d1f-4a95-8ce9-7f2c6d168f68}</UniqueIdentifier>
    </Filter>
    <Filter Include="Header Files\General\ResourceManager">
      <UniqueIdentifier>{46ef5f24-10ea-41c5-8cb9-031d84857d6c}</UniqueIdentifier>
    </Filter>
    <Filter Include="Header Files\Components\Positional">
      <UniqueIdentifier>{f326bca8-b169-48a2-90c5-e54288831656}</UniqueIdentifier>
    </Filter>
    <Filter Include="Source Files\Components\Positional">
      <UniqueIdentifier>{9dfbd279-3174-4b69-ada7-8d5af52fca1a}</UniqueIdentifier>
    </Filter>
    <Filter Include="Header Files\Components\Graphics\Light">
      <UniqueIdentifier>{eb9f8148-69ba-4891-8f4d-9294ef6c6452}</UniqueIdentifier>
    </Filter>
    <Filter Include="Source Files\Components\Graphics\Light">
      <UniqueIdentifier>{e2dc6bcf-400b-41a4-b75e-e650c7c597aa}</UniqueIdentifier>
    </Filter>
  </ItemGroup>
  <ItemGroup>
    <ClInclude Include="Command.h">
      <Filter>Header Files\Commands</Filter>
    </ClInclude>
    <ClInclude Include="Component.h">
      <Filter>Header Files\Components</Filter>
    </ClInclude>
    <ClInclude Include="D3D.h">
      <Filter>Header Files\Tools</Filter>
    </ClInclude>
    <ClInclude Include="GameManager.h">
      <Filter>Header Files\General</Filter>
    </ClInclude>
    <ClInclude Include="GamePlayState.h">
      <Filter>Header Files\States</Filter>
    </ClInclude>
    <ClInclude Include="GameTime.h">
      <Filter>Header Files\Tools</Filter>
    </ClInclude>
    <ClInclude Include="ID3D.h">
      <Filter>Header Files\Tools</Filter>
    </ClInclude>
    <ClInclude Include="IGameTime.h">
      <Filter>Header Files\Tools</Filter>
    </ClInclude>
    <ClInclude Include="Locator.h">
      <Filter>Header Files\Tools</Filter>
    </ClInclude>
    <ClInclude Include="State.h">
      <Filter>Header Files\States</Filter>
    </ClInclude>
    <ClInclude Include="StateManager.h">
      <Filter>Header Files\States</Filter>
    </ClInclude>
    <ClInclude Include="GraphicsComponent.h">
      <Filter>Header Files\Components\Graphics</Filter>
    </ClInclude>
    <ClInclude Include="DeferredRenderer.h">
      <Filter>Header Files\Renderers</Filter>
    </ClInclude>
    <ClInclude Include="Shader.h">
      <Filter>Header Files\Renderers\Shaders</Filter>
    </ClInclude>
    <ClInclude Include="Resource.h">
      <Filter>Header Files\General\ResourceManager</Filter>
    </ClInclude>
    <ClInclude Include="Texture.h">
      <Filter>Header Files\General\ResourceManager</Filter>
    </ClInclude>
    <ClInclude Include="RenderOptimizer.h">
      <Filter>Header Files\General</Filter>
    </ClInclude>
    <ClInclude Include="Geometry.h">
      <Filter>Header Files\General\ResourceManager</Filter>
    </ClInclude>
    <ClInclude Include="ConfigHandler.h">
      <Filter>Header Files\Tools</Filter>
    </ClInclude>
    <ClInclude Include="IConfigHandler.h">
      <Filter>Header Files\Tools</Filter>
    </ClInclude>
    <ClInclude Include="ResourceManager.h">
      <Filter>Header Files\General\ResourceManager</Filter>
    </ClInclude>
    <ClInclude Include="EventHandler.h">
      <Filter>Header Files\Tools</Filter>
    </ClInclude>
    <ClInclude Include="IEventHandler.h">
      <Filter>Header Files\Tools</Filter>
    </ClInclude>
    <ClInclude Include="IDHandler.h">
      <Filter>Header Files\Tools</Filter>
    </ClInclude>
    <ClInclude Include="idlist.h">
      <Filter>Header Files\Tools</Filter>
    </ClInclude>
    <ClInclude Include="YUtilityTypes.h">
      <Filter>Header Files\General</Filter>
    </ClInclude>
    <ClInclude Include="ComponentManager.h">
      <Filter>Header Files\General</Filter>
    </ClInclude>
    <ClInclude Include="MemoryManager.h">
      <Filter>Header Files\General</Filter>
    </ClInclude>
    <ClInclude Include="PositionalComponent.h">
      <Filter>Header Files\Components\Positional</Filter>
    </ClInclude>
    <ClInclude Include="CollisionComponent.h">
      <Filter>Header Files\Components\Collision</Filter>
    </ClInclude>
    <ClInclude Include="SphereCollisionComponent.h">
      <Filter>Header Files\Components\Collision</Filter>
    </ClInclude>
    <ClInclude Include="BoxCollisionComponent.h">
      <Filter>Header Files\Components\Collision</Filter>
    </ClInclude>
    <ClInclude Include="PhysicsComponent.h">
      <Filter>Header Files\Components\Physics</Filter>
    </ClInclude>
    <ClInclude Include="LightComponent.h">
      <Filter>Header Files\Components\Graphics\Light</Filter>
    </ClInclude>
  </ItemGroup>
  <ItemGroup>
    <ClCompile Include="GameManager.cpp">
      <Filter>Source Files\General</Filter>
    </ClCompile>
    <ClCompile Include="D3D.cpp">
      <Filter>Source Files\Tools</Filter>
    </ClCompile>
    <ClCompile Include="GamePlayState.cpp">
      <Filter>Source Files\States</Filter>
    </ClCompile>
    <ClCompile Include="GameTime.cpp">
      <Filter>Source Files\Tools</Filter>
    </ClCompile>
    <ClCompile Include="Locator.cpp">
      <Filter>Source Files\Tools</Filter>
    </ClCompile>
    <ClCompile Include="main.cpp">
      <Filter>Source Files\General</Filter>
    </ClCompile>
    <ClCompile Include="StateManager.cpp">
      <Filter>Source Files\States</Filter>
    </ClCompile>
    <ClCompile Include="GraphicsComponent.cpp">
      <Filter>Source Files\Components\Graphics</Filter>
    </ClCompile>
    <ClCompile Include="DeferredRenderer.cpp">
      <Filter>Source Files\Renderers</Filter>
    </ClCompile>
    <ClCompile Include="Shader.cpp">
      <Filter>Source Files\Renderers\Shaders</Filter>
    </ClCompile>
    <ClCompile Include="Texture.cpp">
      <Filter>Source Files\General\ResourceManager</Filter>
    </ClCompile>
    <ClCompile Include="Resource.cpp">
      <Filter>Source Files\General\ResourceManager</Filter>
    </ClCompile>
    <ClCompile Include="RenderOptimizer.cpp">
      <Filter>Source Files\General</Filter>
    </ClCompile>
    <ClCompile Include="Geometry.cpp">
      <Filter>Source Files\General\ResourceManager</Filter>
    </ClCompile>
    <ClCompile Include="ConfigHandler.cpp">
      <Filter>Source Files\Tools</Filter>
    </ClCompile>
    <ClCompile Include="ResourceManager.cpp">
      <Filter>Source Files\General\ResourceManager</Filter>
    </ClCompile>
    <ClCompile Include="EventHandler.cpp">
      <Filter>Source Files\Tools</Filter>
    </ClCompile>
    <ClCompile Include="IDHandler.cpp">
      <Filter>Source Files\Tools</Filter>
    </ClCompile>
    <ClCompile Include="YUtilityTypes.cpp">
      <Filter>Source Files\General</Filter>
    </ClCompile>
    <ClCompile Include="ComponentManager.cpp">
      <Filter>Source Files\General</Filter>
    </ClCompile>
    <ClCompile Include="MemoryManager.cpp">
      <Filter>Source Files\General</Filter>
    </ClCompile>
    <ClCompile Include="PositionalComponent.cpp">
      <Filter>Source Files\Components\Positional</Filter>
    </ClCompile>
    <ClCompile Include="CollisionComponent.cpp">
      <Filter>Source Files\Components\Collision</Filter>
    </ClCompile>
    <ClCompile Include="SphereCollisionComponent.cpp">
      <Filter>Source Files\Components\Collision</Filter>
    </ClCompile>
    <ClCompile Include="BoxCollisionComponent.cpp">
      <Filter>Source Files\Components\Collision</Filter>
    </ClCompile>
    <ClCompile Include="PhysicsComponent.cpp">
      <Filter>Source Files\Components\Physics</Filter>
    </ClCompile>
    <ClCompile Include="LightComponent.cpp">
      <Filter>Source Files\Components\Graphics\Light</Filter>
    </ClCompile>
  </ItemGroup>
  <ItemGroup>
    <None Include="packages.config">
      <Filter>Resource Files</Filter>
    </None>
  </ItemGroup>
  <ItemGroup>
    <FxCompile Include="geoVertexTexture.hlsl">
      <Filter>Resource Files\Shaders</Filter>
    </FxCompile>
    <FxCompile Include="geoVertexColor.hlsl">
      <Filter>Resource Files\Shaders</Filter>
    </FxCompile>
    <FxCompile Include="geoPixelColor.hlsl">
      <Filter>Resource Files\Shaders</Filter>
    </FxCompile>
    <FxCompile Include="geoPixelTexture.hlsl">
      <Filter>Resource Files\Shaders</Filter>
    </FxCompile>
    <FxCompile Include="lightVertex.hlsl">
      <Filter>Resource Files\Shaders</Filter>
    </FxCompile>
    <FxCompile Include="lightPixel.hlsl">
      <Filter>Resource Files\Shaders</Filter>
    </FxCompile>
  </ItemGroup>
</Project>